
Microsoft Visual Studio Solution File, Format Version 12.00
# Visual Studio 2013
VisualStudioVersion = 12.0.31101.0
MinimumVisualStudioVersion = 10.0.40219.1
Project("{2150E333-8FDC-42A3-9474-1A3956D46DE8}") = "Solution Items", "Solution Items", "{793431F6-62C5-408F-8B84-F2671A164144}"
	ProjectSection(SolutionItems) = preProject
		Example2.guidancestate = Example2.guidancestate
		Example2.slnbldr = Example2.slnbldr
		ServiceMatrixVersion.txt = ServiceMatrixVersion.txt
	EndProjectSection
EndProject
Project("{FAE04EC0-301F-11D3-BF4B-00C04F79EFBC}") = "Example2.Contracts", "Example2.Contracts\Example2.Contracts.csproj", "{A347CD91-C39D-4DE2-8B36-BDE1720DD5AD}"
EndProject
Project("{FAE04EC0-301F-11D3-BF4B-00C04F79EFBC}") = "Example2.Internal", "Example2.Internal\Example2.Internal.csproj", "{D6DC2AF6-5AE4-4E74-8917-EDCCF512CB40}"
EndProject
Project("{FAE04EC0-301F-11D3-BF4B-00C04F79EFBC}") = "Example2.UI", "Example2.UI\Example2.UI.csproj", "{90011DC1-BC85-4334-BBCD-F5B856CED578}"
EndProject
Project("{FAE04EC0-301F-11D3-BF4B-00C04F79EFBC}") = "Example2.OrderProcessor", "Example2.OrderProcessor\Example2.OrderProcessor.csproj", "{F2A95836-4B5A-49DE-9C0A-8A0DD8FE0F2E}"
EndProject
Project("{FAE04EC0-301F-11D3-BF4B-00C04F79EFBC}") = "Example2.PaymentGateway", "Example2.PaymentGateway\Example2.PaymentGateway.csproj", "{03C95038-C972-456F-8E6D-754200E1C448}"
EndProject
Project("{FAE04EC0-301F-11D3-BF4B-00C04F79EFBC}") = "Example2.MembershipProcessor", "Example2.MembershipProcessor\Example2.MembershipProcessor.csproj", "{7A767E51-55E5-4BFC-BFE2-69C23340355A}"
EndProject
Project("{FAE04EC0-301F-11D3-BF4B-00C04F79EFBC}") = "Example2.AccountingProcessor", "Example2.AccountingProcessor\Example2.AccountingProcessor.csproj", "{9E2D7E16-22A1-41E4-9681-E0583527D1E5}"
EndProject
Global
	GlobalSection(SolutionConfigurationPlatforms) = preSolution
		Debug|Any CPU = Debug|Any CPU
		Release|Any CPU = Release|Any CPU
	EndGlobalSection
	GlobalSection(ProjectConfigurationPlatforms) = postSolution
		{A347CD91-C39D-4DE2-8B36-BDE1720DD5AD}.Debug|Any CPU.ActiveCfg = Debug|Any CPU
		{A347CD91-C39D-4DE2-8B36-BDE1720DD5AD}.Debug|Any CPU.Build.0 = Debug|Any CPU
		{A347CD91-C39D-4DE2-8B36-BDE1720DD5AD}.Release|Any CPU.ActiveCfg = Release|Any CPU
		{A347CD91-C39D-4DE2-8B36-BDE1720DD5AD}.Release|Any CPU.Build.0 = Release|Any CPU
		{D6DC2AF6-5AE4-4E74-8917-EDCCF512CB40}.Debug|Any CPU.ActiveCfg = Debug|Any CPU
		{D6DC2AF6-5AE4-4E74-8917-EDCCF512CB40}.Debug|Any CPU.Build.0 = Debug|Any CPU
		{D6DC2AF6-5AE4-4E74-8917-EDCCF512CB40}.Release|Any CPU.ActiveCfg = Release|Any CPU
		{D6DC2AF6-5AE4-4E74-8917-EDCCF512CB40}.Release|Any CPU.Build.0 = Release|Any CPU
		{90011DC1-BC85-4334-BBCD-F5B856CED578}.Debug|Any CPU.ActiveCfg = Debug|Any CPU
		{90011DC1-BC85-4334-BBCD-F5B856CED578}.Debug|Any CPU.Build.0 = Debug|Any CPU
		{90011DC1-BC85-4334-BBCD-F5B856CED578}.Release|Any CPU.ActiveCfg = Release|Any CPU
		{90011DC1-BC85-4334-BBCD-F5B856CED578}.Release|Any CPU.Build.0 = Release|Any CPU
		{F2A95836-4B5A-49DE-9C0A-8A0DD8FE0F2E}.Debug|Any CPU.ActiveCfg = Debug|Any CPU
		{F2A95836-4B5A-49DE-9C0A-8A0DD8FE0F2E}.Debug|Any CPU.Build.0 = Debug|Any CPU
		{F2A95836-4B5A-49DE-9C0A-8A0DD8FE0F2E}.Release|Any CPU.ActiveCfg = Release|Any CPU
		{F2A95836-4B5A-49DE-9C0A-8A0DD8FE0F2E}.Release|Any CPU.Build.0 = Release|Any CPU
		{03C95038-C972-456F-8E6D-754200E1C448}.Debug|Any CPU.ActiveCfg = Debug|Any CPU
		{03C95038-C972-456F-8E6D-754200E1C448}.Debug|Any CPU.Build.0 = Debug|Any CPU
		{03C95038-C972-456F-8E6D-754200E1C448}.Release|Any CPU.ActiveCfg = Release|Any CPU
		{03C95038-C972-456F-8E6D-754200E1C448}.Release|Any CPU.Build.0 = Release|Any CPU
		{7A767E51-55E5-4BFC-BFE2-69C23340355A}.Debug|Any CPU.ActiveCfg = Debug|Any CPU
		{7A767E51-55E5-4BFC-BFE2-69C23340355A}.Debug|Any CPU.Build.0 = Debug|Any CPU
		{7A767E51-55E5-4BFC-BFE2-69C23340355A}.Release|Any CPU.ActiveCfg = Release|Any CPU
		{7A767E51-55E5-4BFC-BFE2-69C23340355A}.Release|Any CPU.Build.0 = Release|Any CPU
		{9E2D7E16-22A1-41E4-9681-E0583527D1E5}.Debug|Any CPU.ActiveCfg = Debug|Any CPU
		{9E2D7E16-22A1-41E4-9681-E0583527D1E5}.Debug|Any CPU.Build.0 = Debug|Any CPU
		{9E2D7E16-22A1-41E4-9681-E0583527D1E5}.Release|Any CPU.ActiveCfg = Release|Any CPU
		{9E2D7E16-22A1-41E4-9681-E0583527D1E5}.Release|Any CPU.Build.0 = Release|Any CPU
	EndGlobalSection
	GlobalSection(SolutionProperties) = preSolution
		HideSolutionNode = FALSE
	EndGlobalSection
	GlobalSection(ExtensibilityGlobals) = postSolution
		GuidanceWorkflows = 23795EC3-3DEA-4F04-9044-4056CF91A2ED:ServiceMatrix Guidance:2.2.3
	EndGlobalSection
EndGlobal
